
Microsoft Visual Studio Solution File, Format Version 12.00
# Visual Studio Version 16
VisualStudioVersion = 16.0.30804.86
MinimumVisualStudioVersion = 10.0.40219.1
Project("{FAE04EC0-301F-11D3-BF4B-00C04F79EFBC}") = "AmongUsDetective", "AmongUsDetective\AmongUsDetective.csproj", "{8A5E1808-7D12-4696-A447-6C4C575D7517}"
EndProject
Global
	GlobalSection(SolutionConfigurationPlatforms) = preSolution
		Debug|Any CPU = Debug|Any CPU
		Release|Any CPU = Release|Any CPU
	EndGlobalSection
	GlobalSection(ProjectConfigurationPlatforms) = postSolution
		{8A5E1808-7D12-4696-A447-6C4C575D7517}.Debug|Any CPU.ActiveCfg = Debug|Any CPU
		{8A5E1808-7D12-4696-A447-6C4C575D7517}.Debug|Any CPU.Build.0 = Debug|Any CPU
		{8A5E1808-7D12-4696-A447-6C4C575D7517}.Release|Any CPU.ActiveCfg = Release|Any CPU
		{8A5E1808-7D12-4696-A447-6C4C575D7517}.Release|Any CPU.Build.0 = Release|Any CPU
	EndGlobalSection
	GlobalSection(SolutionProperties) = preSolution
		HideSolutionNode = FALSE
	EndGlobalSection
	GlobalSection(ExtensibilityGlobals) = postSolution
		SolutionGuid = {4C1D941C-6AFB-46F1-A9D4-65D5671436C6}
	EndGlobalSection
EndGlobal
